
Microsoft Visual Studio Solution File, Format Version 12.00
# Visual Studio Version 16
VisualStudioVersion = 16.0.29519.87
MinimumVisualStudioVersion = 10.0.40219.1
Project("{FAE04EC0-301F-11D3-BF4B-00C04F79EFBC}") = "Shopping_List", "Shopping_List\Shopping_List.csproj", "{90838EEF-A49F-47D4-8569-BBC9E7A23CA1}"
EndProject
Global
	GlobalSection(SolutionConfigurationPlatforms) = preSolution
		Debug|Any CPU = Debug|Any CPU
		Release|Any CPU = Release|Any CPU
	EndGlobalSection
	GlobalSection(ProjectConfigurationPlatforms) = postSolution
		{90838EEF-A49F-47D4-8569-BBC9E7A23CA1}.Debug|Any CPU.ActiveCfg = Debug|Any CPU
		{90838EEF-A49F-47D4-8569-BBC9E7A23CA1}.Debug|Any CPU.Build.0 = Debug|Any CPU
		{90838EEF-A49F-47D4-8569-BBC9E7A23CA1}.Release|Any CPU.ActiveCfg = Release|Any CPU
		{90838EEF-A49F-47D4-8569-BBC9E7A23CA1}.Release|Any CPU.Build.0 = Release|Any CPU
	EndGlobalSection
	GlobalSection(SolutionProperties) = preSolution
		HideSolutionNode = FALSE
	EndGlobalSection
	GlobalSection(ExtensibilityGlobals) = postSolution
		SolutionGuid = {C5F69E43-BCE2-4D64-BC81-E15F377A1371}
	EndGlobalSection
EndGlobal
