
Microsoft Visual Studio Solution File, Format Version 12.00
# Visual Studio Version 16
VisualStudioVersion = 16.0.29519.87
MinimumVisualStudioVersion = 10.0.40219.1
Project("{FAE04EC0-301F-11D3-BF4B-00C04F79EFBC}") = "Git_Project", "Git_Project\Git_Project.csproj", "{D5EE4419-8C0D-486B-8B0B-FFF9096EF72E}"
EndProject
Global
	GlobalSection(SolutionConfigurationPlatforms) = preSolution
		Debug|Any CPU = Debug|Any CPU
		Release|Any CPU = Release|Any CPU
	EndGlobalSection
	GlobalSection(ProjectConfigurationPlatforms) = postSolution
		{D5EE4419-8C0D-486B-8B0B-FFF9096EF72E}.Debug|Any CPU.ActiveCfg = Debug|Any CPU
		{D5EE4419-8C0D-486B-8B0B-FFF9096EF72E}.Debug|Any CPU.Build.0 = Debug|Any CPU
		{D5EE4419-8C0D-486B-8B0B-FFF9096EF72E}.Release|Any CPU.ActiveCfg = Release|Any CPU
		{D5EE4419-8C0D-486B-8B0B-FFF9096EF72E}.Release|Any CPU.Build.0 = Release|Any CPU
	EndGlobalSection
	GlobalSection(SolutionProperties) = preSolution
		HideSolutionNode = FALSE
	EndGlobalSection
	GlobalSection(ExtensibilityGlobals) = postSolution
		SolutionGuid = {AB65E987-1FE0-47A3-8858-268A0D8097C9}
	EndGlobalSection
EndGlobal
